// !$*UTF8*$!
{
	archiveVersion = 1;
	classes = {
	};
	objectVersion = 77;
	objects = {

/* Begin PBXBuildFile section */
		B0E69B862FFA99CE00730965 /* usApp.swift in Sources */ = {isa = PBXBuildFile; fileRef = B0E69B852FFA99CE00730965 /* usApp.swift */; };
		B0E69BA42FFA9D2D00730965 /* RootTabView.swift in Sources */ = {isa = PBXBuildFile; fileRef = B0E69BA32FFA9D2A00730965 /* RootTabView.swift */; };
		B0E69BA92FFAA04000730965 /* SettingsView.swift in Sources */ = {isa = PBXBuildFile; fileRef = B0E69BA82FFA9D5D00730965 /* SettingsView.swift */; };
		B0E69BAA2FFAA04300730965 /* PhotosView.swift in Sources */ = {isa = PBXBuildFile; fileRef = B0E69BA62FFA9D4600730965 /* PhotosView.swift */; };
		B0E69BAB2FFAA04700730965 /* HomeView.swift in Sources */ = {isa = PBXBuildFile; fileRef = B0E69BA52FFA9D3B00730965 /* HomeView.swift */; };
		B0E69BAC2FFAA04A00730965 /* NotesView.swift in Sources */ = {isa = PBXBuildFile; fileRef = B0E69BA72FFA9D4E00730965 /* NotesView.swift */; };
		B0E69BAE2FFAA24800730965 /* PhotoModel.swift in Sources */ = {isa = PBXBuildFile; fileRef = B0E69BAD2FFAA19E00730965 /* PhotoModel.swift */; };
		B0E69BB02FFAA2DA00730965 /* HomeViewModel.swift in Sources */ = {isa = PBXBuildFile; fileRef = B0E69BAF2FFAA2AD00730965 /* HomeViewModel.swift */; };
		B0E69BB22FFAA57500730965 /* PhotoCard.swift in Sources */ = {isa = PBXBuildFile; fileRef = B0E69BB12FFAA56A00730965 /* PhotoCard.swift */; };
		B0E69BB42FFAA61E00730965 /* NoteModel.swift in Sources */ = {isa = PBXBuildFile; fileRef = B0E69BB32FFAA61C00730965 /* NoteModel.swift */; };
/* End PBXBuildFile section */

/* Begin PBXFileReference section */
		B0E69B822FFA99CE00730965 /* us.app */ = {isa = PBXFileReference; explicitFileType = wrapper.application; includeInIndex = 0; path = us.app; sourceTree = BUILT_PRODUCTS_DIR; };
		B0E69B852FFA99CE00730965 /* usApp.swift */ = {isa = PBXFileReference; lastKnownFileType = sourcecode.swift; path = usApp.swift; sourceTree = "<group>"; };
		B0E69BA32FFA9D2A00730965 /* RootTabView.swift */ = {isa = PBXFileReference; lastKnownFileType = sourcecode.swift; path = RootTabView.swift; sourceTree = "<group>"; };
		B0E69BA52FFA9D3B00730965 /* HomeView.swift */ = {isa = PBXFileReference; lastKnownFileType = sourcecode.swift; path = HomeView.swift; sourceTree = "<group>"; };
		B0E69BA62FFA9D4600730965 /* PhotosView.swift */ = {isa = PBXFileReference; lastKnownFileType = sourcecode.swift; path = PhotosView.swift; sourceTree = "<group>"; };
		B0E69BA72FFA9D4E00730965 /* NotesView.swift */ = {isa = PBXFileReference; lastKnownFileType = sourcecode.swift; path = NotesView.swift; sourceTree = "<group>"; };
		B0E69BA82FFA9D5D00730965 /* SettingsView.swift */ = {isa = PBXFileReference; lastKnownFileType = sourcecode.swift; path = SettingsView.swift; sourceTree = "<group>"; };
		B0E69BAD2FFAA19E00730965 /* PhotoModel.swift */ = {isa = PBXFileReference; lastKnownFileType = sourcecode.swift; path = PhotoModel.swift; sourceTree = "<group>"; };
		B0E69BAF2FFAA2AD00730965 /* HomeViewModel.swift */ = {isa = PBXFileReference; lastKnownFileType = sourcecode.swift; path = HomeViewModel.swift; sourceTree = "<group>"; };
		B0E69BB12FFAA56A00730965 /* PhotoCard.swift */ = {isa = PBXFileReference; lastKnownFileType = sourcecode.swift; path = PhotoCard.swift; sourceTree = "<group>"; };
		B0E69BB32FFAA61C00730965 /* NoteModel.swift */ = {isa = PBXFileReference; lastKnownFileType = sourcecode.swift; path = NoteModel.swift; sourceTree = "<group>"; };
/* End PBXFileReference section */

/* Begin PBXFileSystemSynchronizedRootGroup section */
		B0E69B842FFA99CE00730965 /* us */ = {
			isa = PBXFileSystemSynchronizedRootGroup;
			path = us;
			sourceTree = "<group>";
		};
/* End PBXFileSystemSynchronizedRootGroup section */

/* Begin PBXFrameworksBuildPhase section */
		B0E69B7F2FFA99CE00730965 /* Frameworks */ = {
			isa = PBXFrameworksBuildPhase;
			buildActionMask = 2147483647;
			files = (
			);
			runOnlyForDeploymentPostprocessing = 0;
		};
/* End PBXFrameworksBuildPhase section */

/* Begin PBXGroup section */
		B0E69B792FFA99CE00730965 = {
			isa = PBXGroup;
			children = (
				B0E69B9D2FFA9C0400730965 /* Widgets */,
				B0E69B9C2FFA9BFD00730965 /* Extensions */,
				B0E69B9B2FFA9BF300730965 /* Resources */,
				B0E69B9A2FFA9BEA00730965 /* Persistence */,
				B0E69B992FFA9BE000730965 /* Services */,
				B0E69B982FFA9BD700730965 /* Components */,
				B0E69B972FFA9BD000730965 /* ViewModels */,
				B0E69B942FFA9BA700730965 /* Views */,
				B0E69B932FFA9B9400730965 /* Models */,
				B0E69B922FFA9B7900730965 /* App */,
				B0E69B842FFA99CE00730965 /* us */,
				B0E69B832FFA99CE00730965 /* Products */,
			);
			sourceTree = "<group>";
		};
		B0E69B832FFA99CE00730965 /* Products */ = {
			isa = PBXGroup;
			children = (
				B0E69B822FFA99CE00730965 /* us.app */,
			);
			name = Products;
			sourceTree = "<group>";
		};
		B0E69B922FFA9B7900730965 /* App */ = {
			isa = PBXGroup;
			children = (
				B0E69BA32FFA9D2A00730965 /* RootTabView.swift */,
				B0E69B852FFA99CE00730965 /* usApp.swift */,
			);
			path = App;
			sourceTree = "<group>";
		};
		B0E69B932FFA9B9400730965 /* Models */ = {
			isa = PBXGroup;
			children = (
				B0E69BB32FFAA61C00730965 /* NoteModel.swift */,
				B0E69BAD2FFAA19E00730965 /* PhotoModel.swift */,
			);
			path = Models;
			sourceTree = "<group>";
		};
		B0E69B942FFA9BA700730965 /* Views */ = {
			isa = PBXGroup;
			children = (
				B0E69BA12FFA9C9000730965 /* Settings */,
				B0E69BA02FFA9C8A00730965 /* Notes */,
				B0E69B9F2FFA9C8400730965 /* Photos */,
				B0E69B9E2FFA9C7C00730965 /* Home */,
			);
			path = Views;
			sourceTree = "<group>";
		};
		B0E69B972FFA9BD000730965 /* ViewModels */ = {
			isa = PBXGroup;
			children = (
				B0E69BAF2FFAA2AD00730965 /* HomeViewModel.swift */,
			);
			path = ViewModels;
			sourceTree = "<group>";
		};
		B0E69B982FFA9BD700730965 /* Components */ = {
			isa = PBXGroup;
			children = (
				B0E69BB12FFAA56A00730965 /* PhotoCard.swift */,
			);
			path = Components;
			sourceTree = "<group>";
		};
		B0E69B992FFA9BE000730965 /* Services */ = {
			isa = PBXGroup;
			children = (
			);
			path = Services;
			sourceTree = "<group>";
		};
		B0E69B9A2FFA9BEA00730965 /* Persistence */ = {
			isa = PBXGroup;
			children = (
			);
			path = Persistence;
			sourceTree = "<group>";
		};
		B0E69B9B2FFA9BF300730965 /* Resources */ = {
			isa = PBXGroup;
			children = (
			);
			path = Resources;
			sourceTree = "<group>";
		};
		B0E69B9C2FFA9BFD00730965 /* Extensions */ = {
			isa = PBXGroup;
			children = (
			);
			path = Extensions;
			sourceTree = "<group>";
		};
		B0E69B9D2FFA9C0400730965 /* Widgets */ = {
			isa = PBXGroup;
			children = (
			);
			path = Widgets;
			sourceTree = "<group>";
		};
		B0E69B9E2FFA9C7C00730965 /* Home */ = {
			isa = PBXGroup;
			children = (
				B0E69BA52FFA9D3B00730965 /* HomeView.swift */,
			);
			path = Home;
			sourceTree = "<group>";
		};
		B0E69B9F2FFA9C8400730965 /* Photos */ = {
			isa = PBXGroup;
			children = (
				B0E69BA62FFA9D4600730965 /* PhotosView.swift */,
			);
			path = Photos;
			sourceTree = "<group>";
		};
		B0E69BA02FFA9C8A00730965 /* Notes */ = {
			isa = PBXGroup;
			children = (
				B0E69BA72FFA9D4E00730965 /* NotesView.swift */,
			);
			path = Notes;
			sourceTree = "<group>";
		};
		B0E69BA12FFA9C9000730965 /* Settings */ = {
			isa = PBXGroup;
			children = (
				B0E69BA82FFA9D5D00730965 /* SettingsView.swift */,
			);
			path = Settings;
			sourceTree = "<group>";
		};
/* End PBXGroup section */

/* Begin PBXNativeTarget section */
		B0E69B812FFA99CE00730965 /* us */ = {
			isa = PBXNativeTarget;
			buildConfigurationList = B0E69B8F2FFA99D000730965 /* Build configuration list for PBXNativeTarget "us" */;
			buildPhases = (
				B0E69B7E2FFA99CE00730965 /* Sources */,
				B0E69B7F2FFA99CE00730965 /* Frameworks */,
				B0E69B802FFA99CE00730965 /* Resources */,
			);
			buildRules = (
			);
			dependencies = (
			);
			fileSystemSynchronizedGroups = (
				B0E69B842FFA99CE00730965 /* us */,
			);
			name = us;
			packageProductDependencies = (
			);
			productName = us;
			productReference = B0E69B822FFA99CE00730965 /* us.app */;
			productType = "com.apple.product-type.application";
		};
/* End PBXNativeTarget section */

/* Begin PBXProject section */
		B0E69B7A2FFA99CE00730965 /* Project object */ = {
			isa = PBXProject;
			attributes = {
				BuildIndependentTargetsInParallel = 1;
				LastSwiftUpdateCheck = 2660;
				LastUpgradeCheck = 2660;
				TargetAttributes = {
					B0E69B812FFA99CE00730965 = {
						CreatedOnToolsVersion = 26.6;
					};
				};
			};
			buildConfigurationList = B0E69B7D2FFA99CE00730965 /* Build configuration list for PBXProject "us" */;
			developmentRegion = en;
			hasScannedForEncodings = 0;
			knownRegions = (
				en,
				Base,
			);
			mainGroup = B0E69B792FFA99CE00730965;
			minimizedProjectReferenceProxies = 1;
			preferredProjectObjectVersion = 77;
			productRefGroup = B0E69B832FFA99CE00730965 /* Products */;
			projectDirPath = "";
			projectRoot = "";
			targets = (
				B0E69B812FFA99CE00730965 /* us */,
			);
		};
/* End PBXProject section */

/* Begin PBXResourcesBuildPhase section */
		B0E69B802FFA99CE00730965 /* Resources */ = {
			isa = PBXResourcesBuildPhase;
			buildActionMask = 2147483647;
			files = (
			);
			runOnlyForDeploymentPostprocessing = 0;
		};
/* End PBXResourcesBuildPhase section */

/* Begin PBXSourcesBuildPhase section */
		B0E69B7E2FFA99CE00730965 /* Sources */ = {
			isa = PBXSourcesBuildPhase;
			buildActionMask = 2147483647;
			files = (
				B0E69BB22FFAA57500730965 /* PhotoCard.swift in Sources */,
				B0E69BB02FFAA2DA00730965 /* HomeViewModel.swift in Sources */,
				B0E69BAE2FFAA24800730965 /* PhotoModel.swift in Sources */,
				B0E69BAC2FFAA04A00730965 /* NotesView.swift in Sources */,
				B0E69BAB2FFAA04700730965 /* HomeView.swift in Sources */,
				B0E69BB42FFAA61E00730965 /* NoteModel.swift in Sources */,
				B0E69BAA2FFAA04300730965 /* PhotosView.swift in Sources */,
				B0E69BA92FFAA04000730965 /* SettingsView.swift in Sources */,
				B0E69BA42FFA9D2D00730965 /* RootTabView.swift in Sources */,
				B0E69B862FFA99CE00730965 /* usApp.swift in Sources */,
			);
			runOnlyForDeploymentPostprocessing = 0;
		};
/* End PBXSourcesBuildPhase section */

/* Begin XCBuildConfiguration section */
		B0E69B8D2FFA99D000730965 /* Debug */ = {
			isa = XCBuildConfiguration;
			buildSettings = {
				ALWAYS_SEARCH_USER_PATHS = NO;
				ASSETCATALOG_COMPILER_GENERATE_SWIFT_ASSET_SYMBOL_EXTENSIONS = YES;
				CLANG_ANALYZER_NONNULL = YES;
				CLANG_ANALYZER_NUMBER_OBJECT_CONVERSION = YES_AGGRESSIVE;
				CLANG_CXX_LANGUAGE_STANDARD = "gnu++20";
				CLANG_ENABLE_MODULES = YES;
				CLANG_ENABLE_OBJC_ARC = YES;
				CLANG_ENABLE_OBJC_WEAK = YES;
				CLANG_WARN_BLOCK_CAPTURE_AUTORELEASING = YES;
				CLANG_WARN_BOOL_CONVERSION = YES;
				CLANG_WARN_COMMA = YES;
				CLANG_WARN_CONSTANT_CONVERSION = YES;
				CLANG_WARN_DEPRECATED_OBJC_IMPLEMENTATIONS = YES;
				CLANG_WARN_DIRECT_OBJC_ISA_USAGE = YES_ERROR;
				CLANG_WARN_DOCUMENTATION_COMMENTS = YES;
				CLANG_WARN_EMPTY_BODY = YES;
				CLANG_WARN_ENUM_CONVERSION = YES;
				CLANG_WARN_INFINITE_RECURSION = YES;
				CLANG_WARN_INT_CONVERSION = YES;
				CLANG_WARN_NON_LITERAL_NULL_CONVERSION = YES;
				CLANG_WARN_OBJC_IMPLICIT_RETAIN_SELF = YES;
				CLANG_WARN_OBJC_LITERAL_CONVERSION = YES;
				CLANG_WARN_OBJC_ROOT_CLASS = YES_ERROR;
				CLANG_WARN_QUOTED_INCLUDE_IN_FRAMEWORK_HEADER = YES;
				CLANG_WARN_RANGE_LOOP_ANALYSIS = YES;
				CLANG_WARN_STRICT_PROTOTYPES = YES;
				CLANG_WARN_SUSPICIOUS_MOVE = YES;
				CLANG_WARN_UNGUARDED_AVAILABILITY = YES_AGGRESSIVE;
				CLANG_WARN_UNREACHABLE_CODE = YES;
				CLANG_WARN__DUPLICATE_METHOD_MATCH = YES;
				COPY_PHASE_STRIP = NO;
				DEBUG_INFORMATION_FORMAT = dwarf;
				DEVELOPMENT_TEAM = 9D8684X633;
				ENABLE_STRICT_OBJC_MSGSEND = YES;
				ENABLE_TESTABILITY = YES;
				ENABLE_USER_SCRIPT_SANDBOXING = YES;
				GCC_C_LANGUAGE_STANDARD = gnu17;
				GCC_DYNAMIC_NO_PIC = NO;
				GCC_NO_COMMON_BLOCKS = YES;
				GCC_OPTIMIZATION_LEVEL = 0;
				GCC_PREPROCESSOR_DEFINITIONS = (
					"DEBUG=1",
					"$(inherited)",
				);
				GCC_WARN_64_TO_32_BIT_CONVERSION = YES;
				GCC_WARN_ABOUT_RETURN_TYPE = YES_ERROR;
				GCC_WARN_UNDECLARED_SELECTOR = YES;
				GCC_WARN_UNINITIALIZED_AUTOS = YES_AGGRESSIVE;
				GCC_WARN_UNUSED_FUNCTION = YES;
				GCC_WARN_UNUSED_VARIABLE = YES;
				IPHONEOS_DEPLOYMENT_TARGET = 26.5;
				LOCALIZATION_PREFERS_STRING_CATALOGS = YES;
				MTL_ENABLE_DEBUG_INFO = INCLUDE_SOURCE;
				MTL_FAST_MATH = YES;
				ONLY_ACTIVE_ARCH = YES;
				SDKROOT = iphoneos;
				SWIFT_ACTIVE_COMPILATION_CONDITIONS = "DEBUG $(inherited)";
				SWIFT_OPTIMIZATION_LEVEL = "-Onone";
			};
			name = Debug;
		};
		B0E69B8E2FFA99D000730965 /* Release */ = {
			isa = XCBuildConfiguration;
			buildSettings = {
				ALWAYS_SEARCH_USER_PATHS = NO;
				ASSETCATALOG_COMPILER_GENERATE_SWIFT_ASSET_SYMBOL_EXTENSIONS = YES;
				CLANG_ANALYZER_NONNULL = YES;
				CLANG_ANALYZER_NUMBER_OBJECT_CONVERSION = YES_AGGRESSIVE;
				CLANG_CXX_LANGUAGE_STANDARD = "gnu++20";
				CLANG_ENABLE_MODULES = YES;
				CLANG_ENABLE_OBJC_ARC = YES;
				CLANG_ENABLE_OBJC_WEAK = YES;
				CLANG_WARN_BLOCK_CAPTURE_AUTORELEASING = YES;
				CLANG_WARN_BOOL_CONVERSION = YES;
				CLANG_WARN_COMMA = YES;
				CLANG_WARN_CONSTANT_CONVERSION = YES;
				CLANG_WARN_DEPRECATED_OBJC_IMPLEMENTATIONS = YES;
				CLANG_WARN_DIRECT_OBJC_ISA_USAGE = YES_ERROR;
				CLANG_WARN_DOCUMENTATION_COMMENTS = YES;
				CLANG_WARN_EMPTY_BODY = YES;
				CLANG_WARN_ENUM_CONVERSION = YES;
				CLANG_WARN_INFINITE_RECURSION = YES;
				CLANG_WARN_INT_CONVERSION = YES;
				CLANG_WARN_NON_LITERAL_NULL_CONVERSION = YES;
				CLANG_WARN_OBJC_IMPLICIT_RETAIN_SELF = YES;
				CLANG_WARN_OBJC_LITERAL_CONVERSION = YES;
				CLANG_WARN_OBJC_ROOT_CLASS = YES_ERROR;
				CLANG_WARN_QUOTED_INCLUDE_IN_FRAMEWORK_HEADER = YES;
				CLANG_WARN_RANGE_LOOP_ANALYSIS = YES;
				CLANG_WARN_STRICT_PROTOTYPES = YES;
				CLANG_WARN_SUSPICIOUS_MOVE = YES;
				CLANG_WARN_UNGUARDED_AVAILABILITY = YES_AGGRESSIVE;
				CLANG_WARN_UNREACHABLE_CODE = YES;
				CLANG_WARN__DUPLICATE_METHOD_MATCH = YES;
				COPY_PHASE_STRIP = NO;
				DEBUG_INFORMATION_FORMAT = "dwarf-with-dsym";
				DEVELOPMENT_TEAM = 9D8684X633;
				ENABLE_NS_ASSERTIONS = NO;
				ENABLE_STRICT_OBJC_MSGSEND = YES;
				ENABLE_USER_SCRIPT_SANDBOXING = YES;
				GCC_C_LANGUAGE_STANDARD = gnu17;
				GCC_NO_COMMON_BLOCKS = YES;
				GCC_WARN_64_TO_32_BIT_CONVERSION = YES;
				GCC_WARN_ABOUT_RETURN_TYPE = YES_ERROR;
				GCC_WARN_UNDECLARED_SELECTOR = YES;
				GCC_WARN_UNINITIALIZED_AUTOS = YES_AGGRESSIVE;
				GCC_WARN_UNUSED_FUNCTION = YES;
				GCC_WARN_UNUSED_VARIABLE = YES;
				IPHONEOS_DEPLOYMENT_TARGET = 26.5;
				LOCALIZATION_PREFERS_STRING_CATALOGS = YES;
				MTL_ENABLE_DEBUG_INFO = NO;
				MTL_FAST_MATH = YES;
				SDKROOT = iphoneos;
				SWIFT_COMPILATION_MODE = wholemodule;
				VALIDATE_PRODUCT = YES;
			};
			name = Release;
		};
		B0E69B902FFA99D000730965 /* Debug */ = {
			isa = XCBuildConfiguration;
			buildSettings = {
				ASSETCATALOG_COMPILER_APPICON_NAME = AppIcon;
				ASSETCATALOG_COMPILER_GLOBAL_ACCENT_COLOR_NAME = AccentColor;
				CODE_SIGN_STYLE = Automatic;
				CURRENT_PROJECT_VERSION = 1;
				DEVELOPMENT_TEAM = 9D8684X633;
				ENABLE_PREVIEWS = YES;
				GENERATE_INFOPLIST_FILE = YES;
				INFOPLIST_KEY_UIApplicationSceneManifest_Generation = YES;
				INFOPLIST_KEY_UIApplicationSupportsIndirectInputEvents = YES;
				INFOPLIST_KEY_UILaunchScreen_Generation = YES;
				INFOPLIST_KEY_UISupportedInterfaceOrientations_iPad = "UIInterfaceOrientationPortrait UIInterfaceOrientationPortraitUpsideDown UIInterfaceOrientationLandscapeLeft UIInterfaceOrientationLandscapeRight";
				INFOPLIST_KEY_UISupportedInterfaceOrientations_iPhone = "UIInterfaceOrientationPortrait UIInterfaceOrientationLandscapeLeft UIInterfaceOrientationLandscapeRight";
				LD_RUNPATH_SEARCH_PATHS = (
					"$(inherited)",
					"@executable_path/Frameworks",
				);
				MARKETING_VERSION = 1.0;
				PRODUCT_BUNDLE_IDENTIFIER = com.deno.us;
				PRODUCT_NAME = "$(TARGET_NAME)";
				STRING_CATALOG_GENERATE_SYMBOLS = YES;
				SWIFT_APPROACHABLE_CONCURRENCY = YES;
				SWIFT_DEFAULT_ACTOR_ISOLATION = MainActor;
				SWIFT_EMIT_LOC_STRINGS = YES;
				SWIFT_UPCOMING_FEATURE_MEMBER_IMPORT_VISIBILITY = YES;
				SWIFT_VERSION = 5.0;
				TARGETED_DEVICE_FAMILY = "1,2";
			};
			name = Debug;
		};
		B0E69B912FFA99D000730965 /* Release */ = {
			isa = XCBuildConfiguration;
			buildSettings = {
				ASSETCATALOG_COMPILER_APPICON_NAME = AppIcon;
				ASSETCATALOG_COMPILER_GLOBAL_ACCENT_COLOR_NAME = AccentColor;
				CODE_SIGN_STYLE = Automatic;
				CURRENT_PROJECT_VERSION = 1;
				DEVELOPMENT_TEAM = 9D8684X633;
				ENABLE_PREVIEWS = YES;
				GENERATE_INFOPLIST_FILE = YES;
				INFOPLIST_KEY_UIApplicationSceneManifest_Generation = YES;
				INFOPLIST_KEY_UIApplicationSupportsIndirectInputEvents = YES;
				INFOPLIST_KEY_UILaunchScreen_Generation = YES;
				INFOPLIST_KEY_UISupportedInterfaceOrientations_iPad = "UIInterfaceOrientationPortrait UIInterfaceOrientationPortraitUpsideDown UIInterfaceOrientationLandscapeLeft UIInterfaceOrientationLandscapeRight";
				INFOPLIST_KEY_UISupportedInterfaceOrientations_iPhone = "UIInterfaceOrientationPortrait UIInterfaceOrientationLandscapeLeft UIInterfaceOrientationLandscapeRight";
				LD_RUNPATH_SEARCH_PATHS = (
					"$(inherited)",
					"@executable_path/Frameworks",
				);
				MARKETING_VERSION = 1.0;
				PRODUCT_BUNDLE_IDENTIFIER = com.deno.us;
				PRODUCT_NAME = "$(TARGET_NAME)";
				STRING_CATALOG_GENERATE_SYMBOLS = YES;
				SWIFT_APPROACHABLE_CONCURRENCY = YES;
				SWIFT_DEFAULT_ACTOR_ISOLATION = MainActor;
				SWIFT_EMIT_LOC_STRINGS = YES;
				SWIFT_UPCOMING_FEATURE_MEMBER_IMPORT_VISIBILITY = YES;
				SWIFT_VERSION = 5.0;
				TARGETED_DEVICE_FAMILY = "1,2";
			};
			name = Release;
		};
/* End XCBuildConfiguration section */

/* Begin XCConfigurationList section */
		B0E69B7D2FFA99CE00730965 /* Build configuration list for PBXProject "us" */ = {
			isa = XCConfigurationList;
			buildConfigurations = (
				B0E69B8D2FFA99D000730965 /* Debug */,
				B0E69B8E2FFA99D000730965 /* Release */,
			);
			defaultConfigurationIsVisible = 0;
			defaultConfigurationName = Release;
		};
		B0E69B8F2FFA99D000730965 /* Build configuration list for PBXNativeTarget "us" */ = {
			isa = XCConfigurationList;
			buildConfigurations = (
				B0E69B902FFA99D000730965 /* Debug */,
				B0E69B912FFA99D000730965 /* Release */,
			);
			defaultConfigurationIsVisible = 0;
			defaultConfigurationName = Release;
		};
/* End XCConfigurationList section */
	};
	rootObject = B0E69B7A2FFA99CE00730965 /* Project object */;
}
